{"1.2.0",
[{<<"cowlib">>,{pkg,<<"cowlib">>,<<"2.6.0">>},2},
 {<<"gun">>,{pkg,<<"gun">>,<<"1.3.1">>},1},
 {<<"jsone">>,{pkg,<<"jsone">>,<<"1.8.0">>},0},
 {<<"jsx">>,{pkg,<<"jsx">>,<<"3.0.0">>},0},
 {<<"mysql">>,
  {git,"https://github.com/mysql-otp/mysql-otp",
       {ref,"caf5ff96c677a8fe0ce6f4082bc036c8fd27dd62"}},
  0},
 {<<"shotgun">>,{pkg,<<"shotgun">>,<<"0.5.0">>},0}]}.
[
{pkg_hash,[
 {<<"cowlib">>, <<"8AA629F81A0FC189F261DC98A42243FA842625FEEA3C7EC56C48F4CCDB55490F">>},
 {<<"gun">>, <<"1489FD96018431B89F401041A9CE0B02B45265247F0FDCF71273BF087C64EA4F">>},
 {<<"jsone">>, <<"347FF1FA700E182E1F9C5012FA6D737B12C854313B9AE6954CA75D3987D6C06D">>},
 {<<"jsx">>, <<"20A170ABD4335FC6DB24D5FAD1E5D677C55DADF83D1B20A8A33B5FE159892A39">>},
 {<<"shotgun">>, <<"F780CC0D7BBEBB7B6067C519245D4DB62321F35BD05029080FC8499C1680F10C">>}]},
{pkg_hash_ext,[
 {<<"cowlib">>, <<"45A1A08E05E4C66F2AF665295955E337D52C2D33B1F1CF24D353CADEDDF34992">>},
 {<<"gun">>, <<"F4D25A6946E34FE5D4D698DB32B0F2A9BBB1E9FD75D23A0FFADBAD373C48451F">>},
 {<<"jsone">>, <<"08560B78624A12E0B5E7EC0271EC8CA38EF51F63D84D84843473E14D9B12618C">>},
 {<<"jsx">>, <<"37BECA0435F5CA8A2F45F76A46211E76418FBEF80C36F0361C249FC75059DC6D">>},
 {<<"shotgun">>, <<"F7A03C23589C04FF2692FF8F5A1A6DB8DA22153DB15A97A9FE1223DBFFAF2213">>}]}
].
